// !$*UTF8*$!
{
	archiveVersion = 1;
	classes = {
	};
	objectVersion = 51;
	objects = {

/* Begin PBXBuildFile section */
		050B9815246B3E600014F572 /* NetworkServiceError.swift in Sources */ = {isa = PBXBuildFile; fileRef = 050B9814246B3E600014F572 /* NetworkServiceError.swift */; };
		050B9817246B4E830014F572 /* Filter.swift in Sources */ = {isa = PBXBuildFile; fileRef = 050B9816246B4E830014F572 /* Filter.swift */; };
		050F74C420D4457F00420F9F /* RecipeListViewCell.swift in Sources */ = {isa = PBXBuildFile; fileRef = 050F74C320D4457F00420F9F /* RecipeListViewCell.swift */; };
		050F74C620D445A800420F9F /* RecipeListViewCell.xib in Resources */ = {isa = PBXBuildFile; fileRef = 050F74C520D445A800420F9F /* RecipeListViewCell.xib */; };
		0519FD3520D2A06100013285 /* Resource.swift in Sources */ = {isa = PBXBuildFile; fileRef = 0519FD3420D2A06100013285 /* Resource.swift */; };
		0519FD3B20D2AB8B00013285 /* RecipesViewModel.swift in Sources */ = {isa = PBXBuildFile; fileRef = 0519FD3A20D2AB8B00013285 /* RecipesViewModel.swift */; };
		0519FD3D20D2ACEF00013285 /* NetworkService.swift in Sources */ = {isa = PBXBuildFile; fileRef = 0519FD3C20D2ACEF00013285 /* NetworkService.swift */; };
		0528738920D69EC3008F3640 /* RecipeImageCell.swift in Sources */ = {isa = PBXBuildFile; fileRef = 0528738820D69EC3008F3640 /* RecipeImageCell.swift */; };
		0528738B20D69F69008F3640 /* RecipeImageCell.xib in Resources */ = {isa = PBXBuildFile; fileRef = 0528738A20D69F69008F3640 /* RecipeImageCell.xib */; };
		0528738D20D6ACA1008F3640 /* RecipeDetailView.xib in Resources */ = {isa = PBXBuildFile; fileRef = 0528738C20D6ACA1008F3640 /* RecipeDetailView.xib */; };
		054362AB20D3CB3F00E5001F /* Cache.swift in Sources */ = {isa = PBXBuildFile; fileRef = 054362AA20D3CB3F00E5001F /* Cache.swift */; };
		054362AD20D3CB5600E5001F /* FileStorage.swift in Sources */ = {isa = PBXBuildFile; fileRef = 054362AC20D3CB5600E5001F /* FileStorage.swift */; };
		0551FE9220D670AB001266A2 /* RecipeDetailsViewController.swift in Sources */ = {isa = PBXBuildFile; fileRef = 0551FE9120D670AB001266A2 /* RecipeDetailsViewController.swift */; };
		05797BA320D65A0D00A7EA7A /* Time.swift in Sources */ = {isa = PBXBuildFile; fileRef = 05797BA220D65A0D00A7EA7A /* Time.swift */; };
		05797BA520D65A2200A7EA7A /* Complexity.swift in Sources */ = {isa = PBXBuildFile; fileRef = 05797BA420D65A2200A7EA7A /* Complexity.swift */; };
		058C713120D19C8200B5C151 /* AppDelegate.swift in Sources */ = {isa = PBXBuildFile; fileRef = 058C713020D19C8200B5C151 /* AppDelegate.swift */; };
		058C713320D19C8200B5C151 /* RecipesViewController.swift in Sources */ = {isa = PBXBuildFile; fileRef = 058C713220D19C8200B5C151 /* RecipesViewController.swift */; };
		058C713620D19C8200B5C151 /* Main.storyboard in Resources */ = {isa = PBXBuildFile; fileRef = 058C713420D19C8200B5C151 /* Main.storyboard */; };
		058C713B20D19C8500B5C151 /* LaunchScreen.storyboard in Resources */ = {isa = PBXBuildFile; fileRef = 058C713920D19C8500B5C151 /* LaunchScreen.storyboard */; };
		058C714620D19C8500B5C151 /* RecipesTests.swift in Sources */ = {isa = PBXBuildFile; fileRef = 058C714520D19C8500B5C151 /* RecipesTests.swift */; };
		058C715120D19C8500B5C151 /* RecipesUITests.swift in Sources */ = {isa = PBXBuildFile; fileRef = 058C715020D19C8500B5C151 /* RecipesUITests.swift */; };
		058C716020D1B12100B5C151 /* Recipe.swift in Sources */ = {isa = PBXBuildFile; fileRef = 058C715F20D1B12100B5C151 /* Recipe.swift */; };
		058C716220D1B3E600B5C151 /* Ingredient.swift in Sources */ = {isa = PBXBuildFile; fileRef = 058C716120D1B3E600B5C151 /* Ingredient.swift */; };
		05AF913720D7709600ECAC47 /* recipes.json in Resources */ = {isa = PBXBuildFile; fileRef = 05AF913620D76EAF00ECAC47 /* recipes.json */; };
		05BA4DB020D6B412000DB787 /* RecipeDetailViewModel.swift in Sources */ = {isa = PBXBuildFile; fileRef = 05BA4DAF20D6B412000DB787 /* RecipeDetailViewModel.swift */; };
		05BA4DB320D6B60E000DB787 /* RecipeIngredientCell.swift in Sources */ = {isa = PBXBuildFile; fileRef = 05BA4DB220D6B60E000DB787 /* RecipeIngredientCell.swift */; };
		05BA4DB520D6B61F000DB787 /* RecipeIngredientCell.xib in Resources */ = {isa = PBXBuildFile; fileRef = 05BA4DB420D6B61F000DB787 /* RecipeIngredientCell.xib */; };
		05BA4DB720D6BB21000DB787 /* RecipeStepCell.swift in Sources */ = {isa = PBXBuildFile; fileRef = 05BA4DB620D6BB21000DB787 /* RecipeStepCell.swift */; };
		05BA4DB920D6BB37000DB787 /* RecipeStepCell.xib in Resources */ = {isa = PBXBuildFile; fileRef = 05BA4DB820D6BB37000DB787 /* RecipeStepCell.xib */; };
		2D0AA98528645A6A377908E5 /* Pods_Recipes.framework in Frameworks */ = {isa = PBXBuildFile; fileRef = 796D4A206CD05D40A2BB6E01 /* Pods_Recipes.framework */; };
		7FF9FF5F9A74135E859B599E /* Pods_RecipesTests.framework in Frameworks */ = {isa = PBXBuildFile; fileRef = 4449BEE8EA69C455DFCF4819 /* Pods_RecipesTests.framework */; };
/* End PBXBuildFile section */

/* Begin PBXContainerItemProxy section */
		058C714220D19C8500B5C151 /* PBXContainerItemProxy */ = {
			isa = PBXContainerItemProxy;
			containerPortal = 058C712520D19C8200B5C151 /* Project object */;
			proxyType = 1;
			remoteGlobalIDString = 058C712C20D19C8200B5C151;
			remoteInfo = Recipes;
		};
		058C714D20D19C8500B5C151 /* PBXContainerItemProxy */ = {
			isa = PBXContainerItemProxy;
			containerPortal = 058C712520D19C8200B5C151 /* Project object */;
			proxyType = 1;
			remoteGlobalIDString = 058C712C20D19C8200B5C151;
			remoteInfo = Recipes;
		};
/* End PBXContainerItemProxy section */

/* Begin PBXFileReference section */
		050B9814246B3E600014F572 /* NetworkServiceError.swift */ = {isa = PBXFileReference; lastKnownFileType = sourcecode.swift; path = NetworkServiceError.swift; sourceTree = "<group>"; };
		050B9816246B4E830014F572 /* Filter.swift */ = {isa = PBXFileReference; lastKnownFileType = sourcecode.swift; path = Filter.swift; sourceTree = "<group>"; };
		050F74C320D4457F00420F9F /* RecipeListViewCell.swift */ = {isa = PBXFileReference; lastKnownFileType = sourcecode.swift; path = RecipeListViewCell.swift; sourceTree = "<group>"; };
		050F74C520D445A800420F9F /* RecipeListViewCell.xib */ = {isa = PBXFileReference; lastKnownFileType = file.xib; path = RecipeListViewCell.xib; sourceTree = "<group>"; };
		0519FD3420D2A06100013285 /* Resource.swift */ = {isa = PBXFileReference; lastKnownFileType = sourcecode.swift; path = Resource.swift; sourceTree = "<group>"; };
		0519FD3A20D2AB8B00013285 /* RecipesViewModel.swift */ = {isa = PBXFileReference; lastKnownFileType = sourcecode.swift; path = RecipesViewModel.swift; sourceTree = "<group>"; };
		0519FD3C20D2ACEF00013285 /* NetworkService.swift */ = {isa = PBXFileReference; lastKnownFileType = sourcecode.swift; path = NetworkService.swift; sourceTree = "<group>"; };
		0528738820D69EC3008F3640 /* RecipeImageCell.swift */ = {isa = PBXFileReference; lastKnownFileType = sourcecode.swift; path = RecipeImageCell.swift; sourceTree = "<group>"; };
		0528738A20D69F69008F3640 /* RecipeImageCell.xib */ = {isa = PBXFileReference; lastKnownFileType = file.xib; path = RecipeImageCell.xib; sourceTree = "<group>"; };
		0528738C20D6ACA1008F3640 /* RecipeDetailView.xib */ = {isa = PBXFileReference; lastKnownFileType = file.xib; path = RecipeDetailView.xib; sourceTree = "<group>"; };
		054362AA20D3CB3F00E5001F /* Cache.swift */ = {isa = PBXFileReference; lastKnownFileType = sourcecode.swift; path = Cache.swift; sourceTree = "<group>"; };
		054362AC20D3CB5600E5001F /* FileStorage.swift */ = {isa = PBXFileReference; lastKnownFileType = sourcecode.swift; path = FileStorage.swift; sourceTree = "<group>"; };
		0551FE9120D670AB001266A2 /* RecipeDetailsViewController.swift */ = {isa = PBXFileReference; lastKnownFileType = sourcecode.swift; path = RecipeDetailsViewController.swift; sourceTree = "<group>"; };
		05797BA220D65A0D00A7EA7A /* Time.swift */ = {isa = PBXFileReference; lastKnownFileType = sourcecode.swift; path = Time.swift; sourceTree = "<group>"; };
		05797BA420D65A2200A7EA7A /* Complexity.swift */ = {isa = PBXFileReference; lastKnownFileType = sourcecode.swift; path = Complexity.swift; sourceTree = "<group>"; };
		058C712D20D19C8200B5C151 /* Recipes.app */ = {isa = PBXFileReference; explicitFileType = wrapper.application; includeInIndex = 0; path = Recipes.app; sourceTree = BUILT_PRODUCTS_DIR; };
		058C713020D19C8200B5C151 /* AppDelegate.swift */ = {isa = PBXFileReference; lastKnownFileType = sourcecode.swift; path = AppDelegate.swift; sourceTree = "<group>"; };
		058C713220D19C8200B5C151 /* RecipesViewController.swift */ = {isa = PBXFileReference; lastKnownFileType = sourcecode.swift; path = RecipesViewController.swift; sourceTree = "<group>"; };
		058C713520D19C8200B5C151 /* Base */ = {isa = PBXFileReference; lastKnownFileType = file.storyboard; name = Base; path = Base.lproj/Main.storyboard; sourceTree = "<group>"; };
		058C713A20D19C8500B5C151 /* Base */ = {isa = PBXFileReference; lastKnownFileType = file.storyboard; name = Base; path = Base.lproj/LaunchScreen.storyboard; sourceTree = "<group>"; };
		058C713C20D19C8500B5C151 /* Info.plist */ = {isa = PBXFileReference; lastKnownFileType = text.plist.xml; path = Info.plist; sourceTree = "<group>"; };
		058C714120D19C8500B5C151 /* RecipesTests.xctest */ = {isa = PBXFileReference; explicitFileType = wrapper.cfbundle; includeInIndex = 0; path = RecipesTests.xctest; sourceTree = BUILT_PRODUCTS_DIR; };
		058C714520D19C8500B5C151 /* RecipesTests.swift */ = {isa = PBXFileReference; lastKnownFileType = sourcecode.swift; path = RecipesTests.swift; sourceTree = "<group>"; };
		058C714720D19C8500B5C151 /* Info.plist */ = {isa = PBXFileReference; lastKnownFileType = text.plist.xml; path = Info.plist; sourceTree = "<group>"; };
		058C714C20D19C8500B5C151 /* RecipesUITests.xctest */ = {isa = PBXFileReference; explicitFileType = wrapper.cfbundle; includeInIndex = 0; path = RecipesUITests.xctest; sourceTree = BUILT_PRODUCTS_DIR; };
		058C715020D19C8500B5C151 /* RecipesUITests.swift */ = {isa = PBXFileReference; lastKnownFileType = sourcecode.swift; path = RecipesUITests.swift; sourceTree = "<group>"; };
		058C715220D19C8500B5C151 /* Info.plist */ = {isa = PBXFileReference; lastKnownFileType = text.plist.xml; path = Info.plist; sourceTree = "<group>"; };
		058C715F20D1B12100B5C151 /* Recipe.swift */ = {isa = PBXFileReference; lastKnownFileType = sourcecode.swift; path = Recipe.swift; sourceTree = "<group>"; };
		058C716120D1B3E600B5C151 /* Ingredient.swift */ = {isa = PBXFileReference; lastKnownFileType = sourcecode.swift; path = Ingredient.swift; sourceTree = "<group>"; };
		05AF913620D76EAF00ECAC47 /* recipes.json */ = {isa = PBXFileReference; lastKnownFileType = text.json; path = recipes.json; sourceTree = "<group>"; };
		05BA4DAF20D6B412000DB787 /* RecipeDetailViewModel.swift */ = {isa = PBXFileReference; lastKnownFileType = sourcecode.swift; path = RecipeDetailViewModel.swift; sourceTree = "<group>"; };
		05BA4DB220D6B60E000DB787 /* RecipeIngredientCell.swift */ = {isa = PBXFileReference; lastKnownFileType = sourcecode.swift; path = RecipeIngredientCell.swift; sourceTree = "<group>"; };
		05BA4DB420D6B61F000DB787 /* RecipeIngredientCell.xib */ = {isa = PBXFileReference; lastKnownFileType = file.xib; path = RecipeIngredientCell.xib; sourceTree = "<group>"; };
		05BA4DB620D6BB21000DB787 /* RecipeStepCell.swift */ = {isa = PBXFileReference; lastKnownFileType = sourcecode.swift; path = RecipeStepCell.swift; sourceTree = "<group>"; };
		05BA4DB820D6BB37000DB787 /* RecipeStepCell.xib */ = {isa = PBXFileReference; lastKnownFileType = file.xib; path = RecipeStepCell.xib; sourceTree = "<group>"; };
		4449BEE8EA69C455DFCF4819 /* Pods_RecipesTests.framework */ = {isa = PBXFileReference; explicitFileType = wrapper.framework; includeInIndex = 0; path = Pods_RecipesTests.framework; sourceTree = BUILT_PRODUCTS_DIR; };
		63DF399E9F891531D21089C0 /* Pods-Recipes.debug.xcconfig */ = {isa = PBXFileReference; includeInIndex = 1; lastKnownFileType = text.xcconfig; name = "Pods-Recipes.debug.xcconfig"; path = "Pods/Target Support Files/Pods-Recipes/Pods-Recipes.debug.xcconfig"; sourceTree = "<group>"; };
		796D4A206CD05D40A2BB6E01 /* Pods_Recipes.framework */ = {isa = PBXFileReference; explicitFileType = wrapper.framework; includeInIndex = 0; path = Pods_Recipes.framework; sourceTree = BUILT_PRODUCTS_DIR; };
		7F12EB437D23B92ABEFFD02B /* Pods-Recipes.release.xcconfig */ = {isa = PBXFileReference; includeInIndex = 1; lastKnownFileType = text.xcconfig; name = "Pods-Recipes.release.xcconfig"; path = "Pods/Target Support Files/Pods-Recipes/Pods-Recipes.release.xcconfig"; sourceTree = "<group>"; };
		8296DF95843E19773EE0AB43 /* Pods-RecipesTests.release.xcconfig */ = {isa = PBXFileReference; includeInIndex = 1; lastKnownFileType = text.xcconfig; name = "Pods-RecipesTests.release.xcconfig"; path = "Pods/Target Support Files/Pods-RecipesTests/Pods-RecipesTests.release.xcconfig"; sourceTree = "<group>"; };
		B5FC23882375E4688CAB0402 /* libPods-Recipes-RecipesTests.a */ = {isa = PBXFileReference; explicitFileType = archive.ar; includeInIndex = 0; path = "libPods-Recipes-RecipesTests.a"; sourceTree = BUILT_PRODUCTS_DIR; };
		E436E2AB2DF870A48FE37AE6 /* Pods-RecipesTests.debug.xcconfig */ = {isa = PBXFileReference; includeInIndex = 1; lastKnownFileType = text.xcconfig; name = "Pods-RecipesTests.debug.xcconfig"; path = "Pods/Target Support Files/Pods-RecipesTests/Pods-RecipesTests.debug.xcconfig"; sourceTree = "<group>"; };
/* End PBXFileReference section */

/* Begin PBXFrameworksBuildPhase section */
		058C712A20D19C8200B5C151 /* Frameworks */ = {
			isa = PBXFrameworksBuildPhase;
			buildActionMask = 2147483647;
			files = (
				2D0AA98528645A6A377908E5 /* Pods_Recipes.framework in Frameworks */,
			);
			runOnlyForDeploymentPostprocessing = 0;
		};
		058C713E20D19C8500B5C151 /* Frameworks */ = {
			isa = PBXFrameworksBuildPhase;
			buildActionMask = 2147483647;
			files = (
				7FF9FF5F9A74135E859B599E /* Pods_RecipesTests.framework in Frameworks */,
			);
			runOnlyForDeploymentPostprocessing = 0;
		};
		058C714920D19C8500B5C151 /* Frameworks */ = {
			isa = PBXFrameworksBuildPhase;
			buildActionMask = 2147483647;
			files = (
			);
			runOnlyForDeploymentPostprocessing = 0;
		};
/* End PBXFrameworksBuildPhase section */

/* Begin PBXGroup section */
		050F74C220D4429F00420F9F /* RecipeList */ = {
			isa = PBXGroup;
			children = (
				0519FD3A20D2AB8B00013285 /* RecipesViewModel.swift */,
				058C713220D19C8200B5C151 /* RecipesViewController.swift */,
				050B9816246B4E830014F572 /* Filter.swift */,
				050F74C320D4457F00420F9F /* RecipeListViewCell.swift */,
				050F74C520D445A800420F9F /* RecipeListViewCell.xib */,
			);
			path = RecipeList;
			sourceTree = "<group>";
		};
		0519FD3120D26CAB00013285 /* Networking */ = {
			isa = PBXGroup;
			children = (
				054362AC20D3CB5600E5001F /* FileStorage.swift */,
				054362AA20D3CB3F00E5001F /* Cache.swift */,
				0519FD3420D2A06100013285 /* Resource.swift */,
				050B9814246B3E600014F572 /* NetworkServiceError.swift */,
				0519FD3C20D2ACEF00013285 /* NetworkService.swift */,
			);
			path = Networking;
			sourceTree = "<group>";
		};
		0551FE9020D67080001266A2 /* RecipeDetails */ = {
			isa = PBXGroup;
			children = (
				05BA4DB120D6B545000DB787 /* Views */,
				0551FE9120D670AB001266A2 /* RecipeDetailsViewController.swift */,
				05BA4DAF20D6B412000DB787 /* RecipeDetailViewModel.swift */,
				0528738C20D6ACA1008F3640 /* RecipeDetailView.xib */,
			);
			path = RecipeDetails;
			sourceTree = "<group>";
		};
		05603D8A20D5B14F00686035 /* Filter */ = {
			isa = PBXGroup;
			children = (
				05797BA220D65A0D00A7EA7A /* Time.swift */,
				05797BA420D65A2200A7EA7A /* Complexity.swift */,
			);
			path = Filter;
			sourceTree = "<group>";
		};
		058C712420D19C8200B5C151 = {
			isa = PBXGroup;
			children = (
				058C712F20D19C8200B5C151 /* Recipes */,
				058C714420D19C8500B5C151 /* RecipesTests */,
				058C714F20D19C8500B5C151 /* RecipesUITests */,
				058C712E20D19C8200B5C151 /* Products */,
				0DB51828133DECA1F36E8C63 /* Pods */,
				0E81D44970813F08D49BC4F2 /* Frameworks */,
			);
			sourceTree = "<group>";
		};
		058C712E20D19C8200B5C151 /* Products */ = {
			isa = PBXGroup;
			children = (
				058C712D20D19C8200B5C151 /* Recipes.app */,
				058C714120D19C8500B5C151 /* RecipesTests.xctest */,
				058C714C20D19C8500B5C151 /* RecipesUITests.xctest */,
			);
			name = Products;
			sourceTree = "<group>";
		};
		058C712F20D19C8200B5C151 /* Recipes */ = {
			isa = PBXGroup;
			children = (
				0519FD3120D26CAB00013285 /* Networking */,
				05603D8A20D5B14F00686035 /* Filter */,
				058C715E20D1B09400B5C151 /* Model */,
				0551FE9020D67080001266A2 /* RecipeDetails */,
				050F74C220D4429F00420F9F /* RecipeList */,
				058C713020D19C8200B5C151 /* AppDelegate.swift */,
				058C713420D19C8200B5C151 /* Main.storyboard */,
				058C713920D19C8500B5C151 /* LaunchScreen.storyboard */,
				058C713C20D19C8500B5C151 /* Info.plist */,
			);
			path = Recipes;
			sourceTree = "<group>";
		};
		058C714420D19C8500B5C151 /* RecipesTests */ = {
			isa = PBXGroup;
			children = (
				058C714520D19C8500B5C151 /* RecipesTests.swift */,
				058C714720D19C8500B5C151 /* Info.plist */,
				05AF913620D76EAF00ECAC47 /* recipes.json */,
			);
			path = RecipesTests;
			sourceTree = "<group>";
		};
		058C714F20D19C8500B5C151 /* RecipesUITests */ = {
			isa = PBXGroup;
			children = (
				058C715020D19C8500B5C151 /* RecipesUITests.swift */,
				058C715220D19C8500B5C151 /* Info.plist */,
			);
			path = RecipesUITests;
			sourceTree = "<group>";
		};
		058C715E20D1B09400B5C151 /* Model */ = {
			isa = PBXGroup;
			children = (
				058C715F20D1B12100B5C151 /* Recipe.swift */,
				058C716120D1B3E600B5C151 /* Ingredient.swift */,
			);
			path = Model;
			sourceTree = "<group>";
		};
		05BA4DB120D6B545000DB787 /* Views */ = {
			isa = PBXGroup;
			children = (
				0528738820D69EC3008F3640 /* RecipeImageCell.swift */,
				0528738A20D69F69008F3640 /* RecipeImageCell.xib */,
				05BA4DB220D6B60E000DB787 /* RecipeIngredientCell.swift */,
				05BA4DB420D6B61F000DB787 /* RecipeIngredientCell.xib */,
				05BA4DB620D6BB21000DB787 /* RecipeStepCell.swift */,
				05BA4DB820D6BB37000DB787 /* RecipeStepCell.xib */,
			);
			path = Views;
			sourceTree = "<group>";
		};
		0DB51828133DECA1F36E8C63 /* Pods */ = {
			isa = PBXGroup;
			children = (
				63DF399E9F891531D21089C0 /* Pods-Recipes.debug.xcconfig */,
				7F12EB437D23B92ABEFFD02B /* Pods-Recipes.release.xcconfig */,
				E436E2AB2DF870A48FE37AE6 /* Pods-RecipesTests.debug.xcconfig */,
				8296DF95843E19773EE0AB43 /* Pods-RecipesTests.release.xcconfig */,
			);
			name = Pods;
			sourceTree = "<group>";
		};
		0E81D44970813F08D49BC4F2 /* Frameworks */ = {
			isa = PBXGroup;
			children = (
				B5FC23882375E4688CAB0402 /* libPods-Recipes-RecipesTests.a */,
				796D4A206CD05D40A2BB6E01 /* Pods_Recipes.framework */,
				4449BEE8EA69C455DFCF4819 /* Pods_RecipesTests.framework */,
			);
			name = Frameworks;
			sourceTree = "<group>";
		};
/* End PBXGroup section */

/* Begin PBXNativeTarget section */
		058C712C20D19C8200B5C151 /* Recipes */ = {
			isa = PBXNativeTarget;
			buildConfigurationList = 058C715520D19C8500B5C151 /* Build configuration list for PBXNativeTarget "Recipes" */;
			buildPhases = (
				9559778860A0E5484E0FDD6F /* [CP] Check Pods Manifest.lock */,
				058C712920D19C8200B5C151 /* Sources */,
				058C712A20D19C8200B5C151 /* Frameworks */,
				058C712B20D19C8200B5C151 /* Resources */,
				8DCAD130D5C8A86FBD0743BC /* [CP] Embed Pods Frameworks */,
			);
			buildRules = (
			);
			dependencies = (
			);
			name = Recipes;
			productName = Recipes;
			productReference = 058C712D20D19C8200B5C151 /* Recipes.app */;
			productType = "com.apple.product-type.application";
		};
		058C714020D19C8500B5C151 /* RecipesTests */ = {
			isa = PBXNativeTarget;
			buildConfigurationList = 058C715820D19C8500B5C151 /* Build configuration list for PBXNativeTarget "RecipesTests" */;
			buildPhases = (
				D8BDBAAEF761585B65E5D7C1 /* [CP] Check Pods Manifest.lock */,
				058C713D20D19C8500B5C151 /* Sources */,
				058C713E20D19C8500B5C151 /* Frameworks */,
				058C713F20D19C8500B5C151 /* Resources */,
				9DB5759438A9DEA66BF48060 /* [CP] Embed Pods Frameworks */,
			);
			buildRules = (
			);
			dependencies = (
				058C714320D19C8500B5C151 /* PBXTargetDependency */,
			);
			name = RecipesTests;
			productName = RecipesTests;
			productReference = 058C714120D19C8500B5C151 /* RecipesTests.xctest */;
			productType = "com.apple.product-type.bundle.unit-test";
		};
		058C714B20D19C8500B5C151 /* RecipesUITests */ = {
			isa = PBXNativeTarget;
			buildConfigurationList = 058C715B20D19C8500B5C151 /* Build configuration list for PBXNativeTarget "RecipesUITests" */;
			buildPhases = (
				058C714820D19C8500B5C151 /* Sources */,
				058C714920D19C8500B5C151 /* Frameworks */,
				058C714A20D19C8500B5C151 /* Resources */,
			);
			buildRules = (
			);
			dependencies = (
				058C714E20D19C8500B5C151 /* PBXTargetDependency */,
			);
			name = RecipesUITests;
			productName = RecipesUITests;
			productReference = 058C714C20D19C8500B5C151 /* RecipesUITests.xctest */;
			productType = "com.apple.product-type.bundle.ui-testing";
		};
/* End PBXNativeTarget section */

/* Begin PBXProject section */
		058C712520D19C8200B5C151 /* Project object */ = {
			isa = PBXProject;
			attributes = {
				LastSwiftUpdateCheck = 0940;
				LastUpgradeCheck = 0940;
				ORGANIZATIONNAME = "Andrei Mirzac";
				TargetAttributes = {
					058C712C20D19C8200B5C151 = {
						CreatedOnToolsVersion = 9.4;
					};
					058C714020D19C8500B5C151 = {
						CreatedOnToolsVersion = 9.4;
						TestTargetID = 058C712C20D19C8200B5C151;
					};
					058C714B20D19C8500B5C151 = {
						CreatedOnToolsVersion = 9.4;
						TestTargetID = 058C712C20D19C8200B5C151;
					};
				};
			};
			buildConfigurationList = 058C712820D19C8200B5C151 /* Build configuration list for PBXProject "Recipes" */;
			compatibilityVersion = "Xcode 9.3";
			developmentRegion = en;
			hasScannedForEncodings = 0;
			knownRegions = (
				en,
				Base,
			);
			mainGroup = 058C712420D19C8200B5C151;
			productRefGroup = 058C712E20D19C8200B5C151 /* Products */;
			projectDirPath = "";
			projectRoot = "";
			targets = (
				058C712C20D19C8200B5C151 /* Recipes */,
				058C714020D19C8500B5C151 /* RecipesTests */,
				058C714B20D19C8500B5C151 /* RecipesUITests */,
			);
		};
/* End PBXProject section */

/* Begin PBXResourcesBuildPhase section */
		058C712B20D19C8200B5C151 /* Resources */ = {
			isa = PBXResourcesBuildPhase;
			buildActionMask = 2147483647;
			files = (
				058C713B20D19C8500B5C151 /* LaunchScreen.storyboard in Resources */,
				050F74C620D445A800420F9F /* RecipeListViewCell.xib in Resources */,
				05BA4DB920D6BB37000DB787 /* RecipeStepCell.xib in Resources */,
				05BA4DB520D6B61F000DB787 /* RecipeIngredientCell.xib in Resources */,
				0528738D20D6ACA1008F3640 /* RecipeDetailView.xib in Resources */,
				058C713620D19C8200B5C151 /* Main.storyboard in Resources */,
				0528738B20D69F69008F3640 /* RecipeImageCell.xib in Resources */,
			);
			runOnlyForDeploymentPostprocessing = 0;
		};
		058C713F20D19C8500B5C151 /* Resources */ = {
			isa = PBXResourcesBuildPhase;
			buildActionMask = 2147483647;
			files = (
				05AF913720D7709600ECAC47 /* recipes.json in Resources */,
			);
			runOnlyForDeploymentPostprocessing = 0;
		};
		058C714A20D19C8500B5C151 /* Resources */ = {
			isa = PBXResourcesBuildPhase;
			buildActionMask = 2147483647;
			files = (
			);
			runOnlyForDeploymentPostprocessing = 0;
		};
/* End PBXResourcesBuildPhase section */

/* Begin PBXShellScriptBuildPhase section */
		8DCAD130D5C8A86FBD0743BC /* [CP] Embed Pods Frameworks */ = {
			isa = PBXShellScriptBuildPhase;
			buildActionMask = 2147483647;
			files = (
			);
			inputFileListPaths = (
				"${PODS_ROOT}/Target Support Files/Pods-Recipes/Pods-Recipes-frameworks-${CONFIGURATION}-input-files.xcfilelist",
			);
			name = "[CP] Embed Pods Frameworks";
			outputFileListPaths = (
				"${PODS_ROOT}/Target Support Files/Pods-Recipes/Pods-Recipes-frameworks-${CONFIGURATION}-output-files.xcfilelist",
			);
			runOnlyForDeploymentPostprocessing = 0;
			shellPath = /bin/sh;
			shellScript = "\"${PODS_ROOT}/Target Support Files/Pods-Recipes/Pods-Recipes-frameworks.sh\"\n";
			showEnvVarsInLog = 0;
		};
		9559778860A0E5484E0FDD6F /* [CP] Check Pods Manifest.lock */ = {
			isa = PBXShellScriptBuildPhase;
			buildActionMask = 2147483647;
			files = (
			);
			inputPaths = (
				"${PODS_PODFILE_DIR_PATH}/Podfile.lock",
				"${PODS_ROOT}/Manifest.lock",
			);
			name = "[CP] Check Pods Manifest.lock";
			outputPaths = (
				"$(DERIVED_FILE_DIR)/Pods-Recipes-checkManifestLockResult.txt",
			);
			runOnlyForDeploymentPostprocessing = 0;
			shellPath = /bin/sh;
			shellScript = "diff \"${PODS_PODFILE_DIR_PATH}/Podfile.lock\" \"${PODS_ROOT}/Manifest.lock\" > /dev/null\nif [ $? != 0 ] ; then\n    # print error to STDERR\n    echo \"error: The sandbox is not in sync with the Podfile.lock. Run 'pod install' or update your CocoaPods installation.\" >&2\n    exit 1\nfi\n# This output is used by Xcode 'outputs' to avoid re-running this script phase.\necho \"SUCCESS\" > \"${SCRIPT_OUTPUT_FILE_0}\"\n";
			showEnvVarsInLog = 0;
		};
		9DB5759438A9DEA66BF48060 /* [CP] Embed Pods Frameworks */ = {
			isa = PBXShellScriptBuildPhase;
			buildActionMask = 2147483647;
			files = (
			);
			inputFileListPaths = (
				"${PODS_ROOT}/Target Support Files/Pods-RecipesTests/Pods-RecipesTests-frameworks-${CONFIGURATION}-input-files.xcfilelist",
			);
			name = "[CP] Embed Pods Frameworks";
			outputFileListPaths = (
				"${PODS_ROOT}/Target Support Files/Pods-RecipesTests/Pods-RecipesTests-frameworks-${CONFIGURATION}-output-files.xcfilelist",
			);
			runOnlyForDeploymentPostprocessing = 0;
			shellPath = /bin/sh;
			shellScript = "\"${PODS_ROOT}/Target Support Files/Pods-RecipesTests/Pods-RecipesTests-frameworks.sh\"\n";
			showEnvVarsInLog = 0;
		};
		D8BDBAAEF761585B65E5D7C1 /* [CP] Check Pods Manifest.lock */ = {
			isa = PBXShellScriptBuildPhase;
			buildActionMask = 2147483647;
			files = (
			);
			inputFileListPaths = (
			);
			inputPaths = (
				"${PODS_PODFILE_DIR_PATH}/Podfile.lock",
				"${PODS_ROOT}/Manifest.lock",
			);
			name = "[CP] Check Pods Manifest.lock";
			outputFileListPaths = (
			);
			outputPaths = (
				"$(DERIVED_FILE_DIR)/Pods-RecipesTests-checkManifestLockResult.txt",
			);
			runOnlyForDeploymentPostprocessing = 0;
			shellPath = /bin/sh;
			shellScript = "diff \"${PODS_PODFILE_DIR_PATH}/Podfile.lock\" \"${PODS_ROOT}/Manifest.lock\" > /dev/null\nif [ $? != 0 ] ; then\n    # print error to STDERR\n    echo \"error: The sandbox is not in sync with the Podfile.lock. Run 'pod install' or update your CocoaPods installation.\" >&2\n    exit 1\nfi\n# This output is used by Xcode 'outputs' to avoid re-running this script phase.\necho \"SUCCESS\" > \"${SCRIPT_OUTPUT_FILE_0}\"\n";
			showEnvVarsInLog = 0;
		};
/* End PBXShellScriptBuildPhase section */

/* Begin PBXSourcesBuildPhase section */
		058C712920D19C8200B5C151 /* Sources */ = {
			isa = PBXSourcesBuildPhase;
			buildActionMask = 2147483647;
			files = (
				0519FD3B20D2AB8B00013285 /* RecipesViewModel.swift in Sources */,
				050B9815246B3E600014F572 /* NetworkServiceError.swift in Sources */,
				0528738920D69EC3008F3640 /* RecipeImageCell.swift in Sources */,
				058C716220D1B3E600B5C151 /* Ingredient.swift in Sources */,
				058C716020D1B12100B5C151 /* Recipe.swift in Sources */,
				054362AB20D3CB3F00E5001F /* Cache.swift in Sources */,
				054362AD20D3CB5600E5001F /* FileStorage.swift in Sources */,
				050F74C420D4457F00420F9F /* RecipeListViewCell.swift in Sources */,
				0519FD3D20D2ACEF00013285 /* NetworkService.swift in Sources */,
				0519FD3520D2A06100013285 /* Resource.swift in Sources */,
				05BA4DB320D6B60E000DB787 /* RecipeIngredientCell.swift in Sources */,
				05797BA520D65A2200A7EA7A /* Complexity.swift in Sources */,
				0551FE9220D670AB001266A2 /* RecipeDetailsViewController.swift in Sources */,
				050B9817246B4E830014F572 /* Filter.swift in Sources */,
				058C713320D19C8200B5C151 /* RecipesViewController.swift in Sources */,
				05BA4DB020D6B412000DB787 /* RecipeDetailViewModel.swift in Sources */,
				058C713120D19C8200B5C151 /* AppDelegate.swift in Sources */,
				05797BA320D65A0D00A7EA7A /* Time.swift in Sources */,
				05BA4DB720D6BB21000DB787 /* RecipeStepCell.swift in Sources */,
			);
			runOnlyForDeploymentPostprocessing = 0;
		};
		058C713D20D19C8500B5C151 /* Sources */ = {
			isa = PBXSourcesBuildPhase;
			buildActionMask = 2147483647;
			files = (
				058C714620D19C8500B5C151 /* RecipesTests.swift in Sources */,
			);
			runOnlyForDeploymentPostprocessing = 0;
		};
		058C714820D19C8500B5C151 /* Sources */ = {
			isa = PBXSourcesBuildPhase;
			buildActionMask = 2147483647;
			files = (
				058C715120D19C8500B5C151 /* RecipesUITests.swift in Sources */,
			);
			runOnlyForDeploymentPostprocessing = 0;
		};
/* End PBXSourcesBuildPhase section */

/* Begin PBXTargetDependency section */
		058C714320D19C8500B5C151 /* PBXTargetDependency */ = {
			isa = PBXTargetDependency;
			target = 058C712C20D19C8200B5C151 /* Recipes */;
			targetProxy = 058C714220D19C8500B5C151 /* PBXContainerItemProxy */;
		};
		058C714E20D19C8500B5C151 /* PBXTargetDependency */ = {
			isa = PBXTargetDependency;
			target = 058C712C20D19C8200B5C151 /* Recipes */;
			targetProxy = 058C714D20D19C8500B5C151 /* PBXContainerItemProxy */;
		};
/* End PBXTargetDependency section */

/* Begin PBXVariantGroup section */
		058C713420D19C8200B5C151 /* Main.storyboard */ = {
			isa = PBXVariantGroup;
			children = (
				058C713520D19C8200B5C151 /* Base */,
			);
			name = Main.storyboard;
			sourceTree = "<group>";
		};
		058C713920D19C8500B5C151 /* LaunchScreen.storyboard */ = {
			isa = PBXVariantGroup;
			children = (
				058C713A20D19C8500B5C151 /* Base */,
			);
			name = LaunchScreen.storyboard;
			sourceTree = "<group>";
		};
/* End PBXVariantGroup section */

/* Begin XCBuildConfiguration section */
		058C715320D19C8500B5C151 /* Debug */ = {
			isa = XCBuildConfiguration;
			buildSettings = {
				ALWAYS_SEARCH_USER_PATHS = NO;
				CLANG_ANALYZER_NONNULL = YES;
				CLANG_ANALYZER_NUMBER_OBJECT_CONVERSION = YES_AGGRESSIVE;
				CLANG_CXX_LANGUAGE_STANDARD = "gnu++14";
				CLANG_CXX_LIBRARY = "libc++";
				CLANG_ENABLE_MODULES = YES;
				CLANG_ENABLE_OBJC_ARC = YES;
				CLANG_ENABLE_OBJC_WEAK = YES;
				CLANG_WARN_BLOCK_CAPTURE_AUTORELEASING = YES;
				CLANG_WARN_BOOL_CONVERSION = YES;
				CLANG_WARN_COMMA = YES;
				CLANG_WARN_CONSTANT_CONVERSION = YES;
				CLANG_WARN_DEPRECATED_OBJC_IMPLEMENTATIONS = YES;
				CLANG_WARN_DIRECT_OBJC_ISA_USAGE = YES_ERROR;
				CLANG_WARN_DOCUMENTATION_COMMENTS = YES;
				CLANG_WARN_EMPTY_BODY = YES;
				CLANG_WARN_ENUM_CONVERSION = YES;
				CLANG_WARN_INFINITE_RECURSION = YES;
				CLANG_WARN_INT_CONVERSION = YES;
				CLANG_WARN_NON_LITERAL_NULL_CONVERSION = YES;
				CLANG_WARN_OBJC_IMPLICIT_RETAIN_SELF = YES;
				CLANG_WARN_OBJC_LITERAL_CONVERSION = YES;
				CLANG_WARN_OBJC_ROOT_CLASS = YES_ERROR;
				CLANG_WARN_RANGE_LOOP_ANALYSIS = YES;
				CLANG_WARN_STRICT_PROTOTYPES = YES;
				CLANG_WARN_SUSPICIOUS_MOVE = YES;
				CLANG_WARN_UNGUARDED_AVAILABILITY = YES_AGGRESSIVE;
				CLANG_WARN_UNREACHABLE_CODE = YES;
				CLANG_WARN__DUPLICATE_METHOD_MATCH = YES;
				CODE_SIGN_IDENTITY = "iPhone Developer";
				COPY_PHASE_STRIP = NO;
				DEBUG_INFORMATION_FORMAT = dwarf;
				ENABLE_STRICT_OBJC_MSGSEND = YES;
				ENABLE_TESTABILITY = YES;
				GCC_C_LANGUAGE_STANDARD = gnu11;
				GCC_DYNAMIC_NO_PIC = NO;
				GCC_NO_COMMON_BLOCKS = YES;
				GCC_OPTIMIZATION_LEVEL = 0;
				GCC_PREPROCESSOR_DEFINITIONS = (
					"DEBUG=1",
					"$(inherited)",
				);
				GCC_WARN_64_TO_32_BIT_CONVERSION = YES;
				GCC_WARN_ABOUT_RETURN_TYPE = YES_ERROR;
				GCC_WARN_UNDECLARED_SELECTOR = YES;
				GCC_WARN_UNINITIALIZED_AUTOS = YES_AGGRESSIVE;
				GCC_WARN_UNUSED_FUNCTION = YES;
				GCC_WARN_UNUSED_VARIABLE = YES;
				IPHONEOS_DEPLOYMENT_TARGET = 11.4;
				MTL_ENABLE_DEBUG_INFO = YES;
				ONLY_ACTIVE_ARCH = YES;
				SDKROOT = iphoneos;
				SWIFT_ACTIVE_COMPILATION_CONDITIONS = DEBUG;
				SWIFT_OPTIMIZATION_LEVEL = "-Onone";
			};
			name = Debug;
		};
		058C715420D19C8500B5C151 /* Release */ = {
			isa = XCBuildConfiguration;
			buildSettings = {
				ALWAYS_SEARCH_USER_PATHS = NO;
				CLANG_ANALYZER_NONNULL = YES;
				CLANG_ANALYZER_NUMBER_OBJECT_CONVERSION = YES_AGGRESSIVE;
				CLANG_CXX_LANGUAGE_STANDARD = "gnu++14";
				CLANG_CXX_LIBRARY = "libc++";
				CLANG_ENABLE_MODULES = YES;
				CLANG_ENABLE_OBJC_ARC = YES;
				CLANG_ENABLE_OBJC_WEAK = YES;
				CLANG_WARN_BLOCK_CAPTURE_AUTORELEASING = YES;
				CLANG_WARN_BOOL_CONVERSION = YES;
				CLANG_WARN_COMMA = YES;
				CLANG_WARN_CONSTANT_CONVERSION = YES;
				CLANG_WARN_DEPRECATED_OBJC_IMPLEMENTATIONS = YES;
				CLANG_WARN_DIRECT_OBJC_ISA_USAGE = YES_ERROR;
				CLANG_WARN_DOCUMENTATION_COMMENTS = YES;
				CLANG_WARN_EMPTY_BODY = YES;
				CLANG_WARN_ENUM_CONVERSION = YES;
				CLANG_WARN_INFINITE_RECURSION = YES;
				CLANG_WARN_INT_CONVERSION = YES;
				CLANG_WARN_NON_LITERAL_NULL_CONVERSION = YES;
				CLANG_WARN_OBJC_IMPLICIT_RETAIN_SELF = YES;
				CLANG_WARN_OBJC_LITERAL_CONVERSION = YES;
				CLANG_WARN_OBJC_ROOT_CLASS = YES_ERROR;
				CLANG_WARN_RANGE_LOOP_ANALYSIS = YES;
				CLANG_WARN_STRICT_PROTOTYPES = YES;
				CLANG_WARN_SUSPICIOUS_MOVE = YES;
				CLANG_WARN_UNGUARDED_AVAILABILITY = YES_AGGRESSIVE;
				CLANG_WARN_UNREACHABLE_CODE = YES;
				CLANG_WARN__DUPLICATE_METHOD_MATCH = YES;
				CODE_SIGN_IDENTITY = "iPhone Developer";
				COPY_PHASE_STRIP = NO;
				DEBUG_INFORMATION_FORMAT = "dwarf-with-dsym";
				ENABLE_NS_ASSERTIONS = NO;
				ENABLE_STRICT_OBJC_MSGSEND = YES;
				GCC_C_LANGUAGE_STANDARD = gnu11;
				GCC_NO_COMMON_BLOCKS = YES;
				GCC_WARN_64_TO_32_BIT_CONVERSION = YES;
				GCC_WARN_ABOUT_RETURN_TYPE = YES_ERROR;
				GCC_WARN_UNDECLARED_SELECTOR = YES;
				GCC_WARN_UNINITIALIZED_AUTOS = YES_AGGRESSIVE;
				GCC_WARN_UNUSED_FUNCTION = YES;
				GCC_WARN_UNUSED_VARIABLE = YES;
				IPHONEOS_DEPLOYMENT_TARGET = 11.4;
				MTL_ENABLE_DEBUG_INFO = NO;
				SDKROOT = iphoneos;
				SWIFT_COMPILATION_MODE = wholemodule;
				SWIFT_OPTIMIZATION_LEVEL = "-O";
				VALIDATE_PRODUCT = YES;
			};
			name = Release;
		};
		058C715620D19C8500B5C151 /* Debug */ = {
			isa = XCBuildConfiguration;
			baseConfigurationReference = 63DF399E9F891531D21089C0 /* Pods-Recipes.debug.xcconfig */;
			buildSettings = {
				ASSETCATALOG_COMPILER_APPICON_NAME = AppIcon;
				CODE_SIGN_STYLE = Manual;
				DEVELOPMENT_TEAM = "";
				INFOPLIST_FILE = Recipes/Info.plist;
				LD_RUNPATH_SEARCH_PATHS = (
					"$(inherited)",
					"@executable_path/Frameworks",
				);
				PRODUCT_BUNDLE_IDENTIFIER = com.personal.andreiMirzac.Recipes;
				PRODUCT_NAME = "$(TARGET_NAME)";
				PROVISIONING_PROFILE_SPECIFIER = "";
				SWIFT_VERSION = 4.0;
				TARGETED_DEVICE_FAMILY = "1,2";
			};
			name = Debug;
		};
		058C715720D19C8500B5C151 /* Release */ = {
			isa = XCBuildConfiguration;
			baseConfigurationReference = 7F12EB437D23B92ABEFFD02B /* Pods-Recipes.release.xcconfig */;
			buildSettings = {
				ASSETCATALOG_COMPILER_APPICON_NAME = AppIcon;
				CODE_SIGN_STYLE = Manual;
				DEVELOPMENT_TEAM = "";
				INFOPLIST_FILE = Recipes/Info.plist;
				LD_RUNPATH_SEARCH_PATHS = (
					"$(inherited)",
					"@executable_path/Frameworks",
				);
				PRODUCT_BUNDLE_IDENTIFIER = com.personal.andreiMirzac.Recipes;
				PRODUCT_NAME = "$(TARGET_NAME)";
				PROVISIONING_PROFILE_SPECIFIER = "";
				SWIFT_VERSION = 4.0;
				TARGETED_DEVICE_FAMILY = "1,2";
			};
			name = Release;
		};
		058C715920D19C8500B5C151 /* Debug */ = {
			isa = XCBuildConfiguration;
			baseConfigurationReference = E436E2AB2DF870A48FE37AE6 /* Pods-RecipesTests.debug.xcconfig */;
			buildSettings = {
				ALWAYS_EMBED_SWIFT_STANDARD_LIBRARIES = YES;
				BUNDLE_LOADER = "$(TEST_HOST)";
				CODE_SIGN_STYLE = Manual;
				DEVELOPMENT_TEAM = "";
				INFOPLIST_FILE = RecipesTests/Info.plist;
				LD_RUNPATH_SEARCH_PATHS = (
					"$(inherited)",
					"@executable_path/Frameworks",
					"@loader_path/Frameworks",
				);
				PRODUCT_BUNDLE_IDENTIFIER = com.personal.andreiMirzac.RecipesTests;
				PRODUCT_NAME = "$(TARGET_NAME)";
				PROVISIONING_PROFILE_SPECIFIER = "";
				SWIFT_VERSION = 4.0;
				TARGETED_DEVICE_FAMILY = "1,2";
				TEST_HOST = "$(BUILT_PRODUCTS_DIR)/Recipes.app/Recipes";
			};
			name = Debug;
		};
		058C715A20D19C8500B5C151 /* Release */ = {
			isa = XCBuildConfiguration;
			baseConfigurationReference = 8296DF95843E19773EE0AB43 /* Pods-RecipesTests.release.xcconfig */;
			buildSettings = {
				ALWAYS_EMBED_SWIFT_STANDARD_LIBRARIES = YES;
				BUNDLE_LOADER = "$(TEST_HOST)";
				CODE_SIGN_STYLE = Manual;
				DEVELOPMENT_TEAM = "";
				INFOPLIST_FILE = RecipesTests/Info.plist;
				LD_RUNPATH_SEARCH_PATHS = (
					"$(inherited)",
					"@executable_path/Frameworks",
					"@loader_path/Frameworks",
				);
				PRODUCT_BUNDLE_IDENTIFIER = com.personal.andreiMirzac.RecipesTests;
				PRODUCT_NAME = "$(TARGET_NAME)";
				PROVISIONING_PROFILE_SPECIFIER = "";
				SWIFT_VERSION = 4.0;
				TARGETED_DEVICE_FAMILY = "1,2";
				TEST_HOST = "$(BUILT_PRODUCTS_DIR)/Recipes.app/Recipes";
			};
			name = Release;
		};
		058C715C20D19C8500B5C151 /* Debug */ = {
			isa = XCBuildConfiguration;
			buildSettings = {
				ALWAYS_EMBED_SWIFT_STANDARD_LIBRARIES = YES;
				CODE_SIGN_STYLE = Manual;
				DEVELOPMENT_TEAM = "";
				INFOPLIST_FILE = RecipesUITests/Info.plist;
				LD_RUNPATH_SEARCH_PATHS = (
					"$(inherited)",
					"@executable_path/Frameworks",
					"@loader_path/Frameworks",
				);
				PRODUCT_BUNDLE_IDENTIFIER = com.personal.andreiMirzac.RecipesUITests;
				PRODUCT_NAME = "$(TARGET_NAME)";
				PROVISIONING_PROFILE_SPECIFIER = "";
				SWIFT_VERSION = 4.0;
				TARGETED_DEVICE_FAMILY = "1,2";
				TEST_TARGET_NAME = Recipes;
			};
			name = Debug;
		};
		058C715D20D19C8500B5C151 /* Release */ = {
			isa = XCBuildConfiguration;
			buildSettings = {
				ALWAYS_EMBED_SWIFT_STANDARD_LIBRARIES = YES;
				CODE_SIGN_STYLE = Manual;
				DEVELOPMENT_TEAM = "";
				INFOPLIST_FILE = RecipesUITests/Info.plist;
				LD_RUNPATH_SEARCH_PATHS = (
					"$(inherited)",
					"@executable_path/Frameworks",
					"@loader_path/Frameworks",
				);
				PRODUCT_BUNDLE_IDENTIFIER = com.personal.andreiMirzac.RecipesUITests;
				PRODUCT_NAME = "$(TARGET_NAME)";
				PROVISIONING_PROFILE_SPECIFIER = "";
				SWIFT_VERSION = 4.0;
				TARGETED_DEVICE_FAMILY = "1,2";
				TEST_TARGET_NAME = Recipes;
			};
			name = Release;
		};
/* End XCBuildConfiguration section */

/* Begin XCConfigurationList section */
		058C712820D19C8200B5C151 /* Build configuration list for PBXProject "Recipes" */ = {
			isa = XCConfigurationList;
			buildConfigurations = (
				058C715320D19C8500B5C151 /* Debug */,
				058C715420D19C8500B5C151 /* Release */,
			);
			defaultConfigurationIsVisible = 0;
			defaultConfigurationName = Release;
		};
		058C715520D19C8500B5C151 /* Build configuration list for PBXNativeTarget "Recipes" */ = {
			isa = XCConfigurationList;
			buildConfigurations = (
				058C715620D19C8500B5C151 /* Debug */,
				058C715720D19C8500B5C151 /* Release */,
			);
			defaultConfigurationIsVisible = 0;
			defaultConfigurationName = Release;
		};
		058C715820D19C8500B5C151 /* Build configuration list for PBXNativeTarget "RecipesTests" */ = {
			isa = XCConfigurationList;
			buildConfigurations = (
				058C715920D19C8500B5C151 /* Debug */,
				058C715A20D19C8500B5C151 /* Release */,
			);
			defaultConfigurationIsVisible = 0;
			defaultConfigurationName = Release;
		};
		058C715B20D19C8500B5C151 /* Build configuration list for PBXNativeTarget "RecipesUITests" */ = {
			isa = XCConfigurationList;
			buildConfigurations = (
				058C715C20D19C8500B5C151 /* Debug */,
				058C715D20D19C8500B5C151 /* Release */,
			);
			defaultConfigurationIsVisible = 0;
			defaultConfigurationName = Release;
		};
/* End XCConfigurationList section */
	};
	rootObject = 058C712520D19C8200B5C151 /* Project object */;
}
